# Research-only references. No source code is vendored or copied.
# HEAD commits resolved on 2026-08-22.
zcode-acp	https://github.com/jpalmae/zcode-acp.git	42fe149d4b501469343c01f23ba3801832306d53
zcode-cli	https://github.com/kingsword09/zcode-cli.git	e6e110cba0b41d72bc1f7ee1e146facbe227d81a
zcode-tui	https://github.com/gaozhi-ustc/zcode-tui.git	8ba8f68857512e74dec89d27850d137b52c51cb5
omg.dev	https://github.com/BennyKok/omg.dev.git	0e574c422145cd4fc42904315692cbbe2a315372
pi-subagents	https://github.com/tintinweb/pi-subagents.git	3f9d35cd078d18a141eb5a6d8f4fc5010d756280
sailing	https://github.com/quazardous/sailing.git	b1ec38ecfcb6cf33c37802108ae1e9863d028415
mcp-supersubagents	https://github.com/yigitkonur/mcp-supersubagents.git	c30fd7c128c97d9b62eba329251b7e040aa64a36
